{
  "object": {
    "pins": [
      {
        "package": "Swifter",
        "repositoryURL": "git@github.com:apmason/Swifter.git",
        "state": {
          "branch": "master",
          "revision": "f4852546878bbaf22595d8fafd935357805e0241",
          "version": null
        }
      }
    ]
  },
  "version": 1
}
