// !$*UTF8*$!
{
	archiveVersion = 1;
	classes = {
	};
	objectVersion = 52;
	objects = {

/* Begin PBXBuildFile section */
		C30A41F726A35B7200472D64 /* Tests_iOS.swift in Sources */ = {isa = PBXBuildFile; fileRef = C30A41F626A35B7200472D64 /* Tests_iOS.swift */; };
		C30A420226A35B7200472D64 /* Tests_macOS.swift in Sources */ = {isa = PBXBuildFile; fileRef = C30A420126A35B7200472D64 /* Tests_macOS.swift */; };
		C30A420426A35B7200472D64 /* FireOffApp.swift in Sources */ = {isa = PBXBuildFile; fileRef = C30A41DB26A35B7100472D64 /* FireOffApp.swift */; };
		C30A420526A35B7200472D64 /* FireOffApp.swift in Sources */ = {isa = PBXBuildFile; fileRef = C30A41DB26A35B7100472D64 /* FireOffApp.swift */; };
		C30A420626A35B7200472D64 /* ContentView.swift in Sources */ = {isa = PBXBuildFile; fileRef = C30A41DC26A35B7100472D64 /* ContentView.swift */; };
		C30A420726A35B7200472D64 /* ContentView.swift in Sources */ = {isa = PBXBuildFile; fileRef = C30A41DC26A35B7100472D64 /* ContentView.swift */; };
		C30A420826A35B7200472D64 /* Assets.xcassets in Resources */ = {isa = PBXBuildFile; fileRef = C30A41DD26A35B7200472D64 /* Assets.xcassets */; };
		C30A420926A35B7200472D64 /* Assets.xcassets in Resources */ = {isa = PBXBuildFile; fileRef = C30A41DD26A35B7200472D64 /* Assets.xcassets */; };
		C30A422526A362D700472D64 /* Constants.swift in Sources */ = {isa = PBXBuildFile; fileRef = C30A422426A362D700472D64 /* Constants.swift */; };
		C30A422626A362D700472D64 /* Constants.swift in Sources */ = {isa = PBXBuildFile; fileRef = C30A422426A362D700472D64 /* Constants.swift */; };
		C30A423026A365A600472D64 /* TwitterSignIn.swift in Sources */ = {isa = PBXBuildFile; fileRef = C30A422F26A365A600472D64 /* TwitterSignIn.swift */; };
		C30A423126A365A600472D64 /* TwitterSignIn.swift in Sources */ = {isa = PBXBuildFile; fileRef = C30A422F26A365A600472D64 /* TwitterSignIn.swift */; };
		C312BAC026A612AD001E8B71 /* PlaceholderEditor.swift in Sources */ = {isa = PBXBuildFile; fileRef = C312BABF26A612AD001E8B71 /* PlaceholderEditor.swift */; };
		C312BAC126A612AE001E8B71 /* PlaceholderEditor.swift in Sources */ = {isa = PBXBuildFile; fileRef = C312BABF26A612AD001E8B71 /* PlaceholderEditor.swift */; };
		C33C1DC626A87D3F00CF4487 /* Swifter in Frameworks */ = {isa = PBXBuildFile; productRef = C33C1DC526A87D3F00CF4487 /* Swifter */; };
		C37919FC26AB27EF00D1FFD9 /* ProfileImage.swift in Sources */ = {isa = PBXBuildFile; fileRef = C37919FB26AB27EF00D1FFD9 /* ProfileImage.swift */; };
		C37919FD26AB27EF00D1FFD9 /* ProfileImage.swift in Sources */ = {isa = PBXBuildFile; fileRef = C37919FB26AB27EF00D1FFD9 /* ProfileImage.swift */; };
		C37E1DD826AF594500EFAF69 /* ImageSaver.swift in Sources */ = {isa = PBXBuildFile; fileRef = C37E1DD726AF594500EFAF69 /* ImageSaver.swift */; };
		C37E1DD926AF594500EFAF69 /* ImageSaver.swift in Sources */ = {isa = PBXBuildFile; fileRef = C37E1DD726AF594500EFAF69 /* ImageSaver.swift */; };
		C380EB3F26A4D05F00CAE4DD /* ActivityView.swift in Sources */ = {isa = PBXBuildFile; fileRef = C380EB3E26A4D05F00CAE4DD /* ActivityView.swift */; };
		C380EB4026A4D05F00CAE4DD /* ActivityView.swift in Sources */ = {isa = PBXBuildFile; fileRef = C380EB3E26A4D05F00CAE4DD /* ActivityView.swift */; };
		C380EB4A26A5DF5D00CAE4DD /* SignInView.swift in Sources */ = {isa = PBXBuildFile; fileRef = C380EB4926A5DF5D00CAE4DD /* SignInView.swift */; };
		C380EB4B26A5DF5D00CAE4DD /* SignInView.swift in Sources */ = {isa = PBXBuildFile; fileRef = C380EB4926A5DF5D00CAE4DD /* SignInView.swift */; };
		C380EB5526A5E0AB00CAE4DD /* TweetView.swift in Sources */ = {isa = PBXBuildFile; fileRef = C380EB5426A5E0AB00CAE4DD /* TweetView.swift */; };
		C380EB5626A5E0AB00CAE4DD /* TweetView.swift in Sources */ = {isa = PBXBuildFile; fileRef = C380EB5426A5E0AB00CAE4DD /* TweetView.swift */; };
		C380EB8D26A7294300CAE4DD /* Colors.swift in Sources */ = {isa = PBXBuildFile; fileRef = C380EB8C26A7294300CAE4DD /* Colors.swift */; };
		C380EB9B26A73E5300CAE4DD /* TwitterError.swift in Sources */ = {isa = PBXBuildFile; fileRef = C380EB9A26A73E5300CAE4DD /* TwitterError.swift */; };
		C3ABDE1526A774840056CEE4 /* Colors.swift in Sources */ = {isa = PBXBuildFile; fileRef = C380EB8C26A7294300CAE4DD /* Colors.swift */; };
		C3ABDE1626A774900056CEE4 /* TwitterError.swift in Sources */ = {isa = PBXBuildFile; fileRef = C380EB9A26A73E5300CAE4DD /* TwitterError.swift */; };
		C3B5ABFF26AEF06100EBD888 /* ActiveAlert.swift in Sources */ = {isa = PBXBuildFile; fileRef = C3B5ABFE26AEF06100EBD888 /* ActiveAlert.swift */; };
		C3B5AC0026AEF06100EBD888 /* ActiveAlert.swift in Sources */ = {isa = PBXBuildFile; fileRef = C3B5ABFE26AEF06100EBD888 /* ActiveAlert.swift */; };
		C3E38A8626A8863C002302A5 /* Swifter in Frameworks */ = {isa = PBXBuildFile; productRef = C3E38A8526A8863C002302A5 /* Swifter */; };
		C3F48BAC26ADC5C00062BC3A /* TopTweetView.swift in Sources */ = {isa = PBXBuildFile; fileRef = C3F48BAB26ADC5C00062BC3A /* TopTweetView.swift */; };
		C3F48BAD26ADC5C00062BC3A /* TopTweetView.swift in Sources */ = {isa = PBXBuildFile; fileRef = C3F48BAB26ADC5C00062BC3A /* TopTweetView.swift */; };
		C3F48BAF26AE26CA0062BC3A /* LogoutSheet.swift in Sources */ = {isa = PBXBuildFile; fileRef = C3F48BAE26AE26CA0062BC3A /* LogoutSheet.swift */; };
		C3F48BB026AE26CA0062BC3A /* LogoutSheet.swift in Sources */ = {isa = PBXBuildFile; fileRef = C3F48BAE26AE26CA0062BC3A /* LogoutSheet.swift */; };
/* End PBXBuildFile section */

/* Begin PBXContainerItemProxy section */
		C30A41F326A35B7200472D64 /* PBXContainerItemProxy */ = {
			isa = PBXContainerItemProxy;
			containerPortal = C30A41D626A35B7000472D64 /* Project object */;
			proxyType = 1;
			remoteGlobalIDString = C30A41E126A35B7200472D64;
			remoteInfo = "FireOff (iOS)";
		};
		C30A41FE26A35B7200472D64 /* PBXContainerItemProxy */ = {
			isa = PBXContainerItemProxy;
			containerPortal = C30A41D626A35B7000472D64 /* Project object */;
			proxyType = 1;
			remoteGlobalIDString = C30A41E926A35B7200472D64;
			remoteInfo = "FireOff (macOS)";
		};
/* End PBXContainerItemProxy section */

/* Begin PBXFileReference section */
		C30A41DB26A35B7100472D64 /* FireOffApp.swift */ = {isa = PBXFileReference; lastKnownFileType = sourcecode.swift; path = FireOffApp.swift; sourceTree = "<group>"; };
		C30A41DC26A35B7100472D64 /* ContentView.swift */ = {isa = PBXFileReference; lastKnownFileType = sourcecode.swift; path = ContentView.swift; sourceTree = "<group>"; };
		C30A41DD26A35B7200472D64 /* Assets.xcassets */ = {isa = PBXFileReference; lastKnownFileType = folder.assetcatalog; path = Assets.xcassets; sourceTree = "<group>"; };
		C30A41E226A35B7200472D64 /* FireOff.app */ = {isa = PBXFileReference; explicitFileType = wrapper.application; includeInIndex = 0; path = FireOff.app; sourceTree = BUILT_PRODUCTS_DIR; };
		C30A41E526A35B7200472D64 /* Info.plist */ = {isa = PBXFileReference; lastKnownFileType = text.plist.xml; path = Info.plist; sourceTree = "<group>"; };
		C30A41EA26A35B7200472D64 /* FireOff.app */ = {isa = PBXFileReference; explicitFileType = wrapper.application; includeInIndex = 0; path = FireOff.app; sourceTree = BUILT_PRODUCTS_DIR; };
		C30A41EC26A35B7200472D64 /* Info.plist */ = {isa = PBXFileReference; lastKnownFileType = text.plist.xml; path = Info.plist; sourceTree = "<group>"; };
		C30A41ED26A35B7200472D64 /* macOS.entitlements */ = {isa = PBXFileReference; lastKnownFileType = text.plist.entitlements; path = macOS.entitlements; sourceTree = "<group>"; };
		C30A41F226A35B7200472D64 /* Tests iOS.xctest */ = {isa = PBXFileReference; explicitFileType = wrapper.cfbundle; includeInIndex = 0; path = "Tests iOS.xctest"; sourceTree = BUILT_PRODUCTS_DIR; };
		C30A41F626A35B7200472D64 /* Tests_iOS.swift */ = {isa = PBXFileReference; lastKnownFileType = sourcecode.swift; path = Tests_iOS.swift; sourceTree = "<group>"; };
		C30A41F826A35B7200472D64 /* Info.plist */ = {isa = PBXFileReference; lastKnownFileType = text.plist.xml; path = Info.plist; sourceTree = "<group>"; };
		C30A41FD26A35B7200472D64 /* Tests macOS.xctest */ = {isa = PBXFileReference; explicitFileType = wrapper.cfbundle; includeInIndex = 0; path = "Tests macOS.xctest"; sourceTree = BUILT_PRODUCTS_DIR; };
		C30A420126A35B7200472D64 /* Tests_macOS.swift */ = {isa = PBXFileReference; lastKnownFileType = sourcecode.swift; path = Tests_macOS.swift; sourceTree = "<group>"; };
		C30A420326A35B7200472D64 /* Info.plist */ = {isa = PBXFileReference; lastKnownFileType = text.plist.xml; path = Info.plist; sourceTree = "<group>"; };
		C30A422426A362D700472D64 /* Constants.swift */ = {isa = PBXFileReference; lastKnownFileType = sourcecode.swift; path = Constants.swift; sourceTree = "<group>"; };
		C30A422F26A365A600472D64 /* TwitterSignIn.swift */ = {isa = PBXFileReference; lastKnownFileType = sourcecode.swift; path = TwitterSignIn.swift; sourceTree = "<group>"; };
		C312BABF26A612AD001E8B71 /* PlaceholderEditor.swift */ = {isa = PBXFileReference; lastKnownFileType = sourcecode.swift; path = PlaceholderEditor.swift; sourceTree = "<group>"; };
		C37919FB26AB27EF00D1FFD9 /* ProfileImage.swift */ = {isa = PBXFileReference; lastKnownFileType = sourcecode.swift; path = ProfileImage.swift; sourceTree = "<group>"; };
		C37E1DD726AF594500EFAF69 /* ImageSaver.swift */ = {isa = PBXFileReference; lastKnownFileType = sourcecode.swift; path = ImageSaver.swift; sourceTree = "<group>"; };
		C380EB3E26A4D05F00CAE4DD /* ActivityView.swift */ = {isa = PBXFileReference; lastKnownFileType = sourcecode.swift; path = ActivityView.swift; sourceTree = "<group>"; };
		C380EB4926A5DF5D00CAE4DD /* SignInView.swift */ = {isa = PBXFileReference; lastKnownFileType = sourcecode.swift; path = SignInView.swift; sourceTree = "<group>"; };
		C380EB5426A5E0AB00CAE4DD /* TweetView.swift */ = {isa = PBXFileReference; lastKnownFileType = sourcecode.swift; path = TweetView.swift; sourceTree = "<group>"; };
		C380EB8C26A7294300CAE4DD /* Colors.swift */ = {isa = PBXFileReference; lastKnownFileType = sourcecode.swift; path = Colors.swift; sourceTree = "<group>"; };
		C380EB9A26A73E5300CAE4DD /* TwitterError.swift */ = {isa = PBXFileReference; lastKnownFileType = sourcecode.swift; path = TwitterError.swift; sourceTree = "<group>"; };
		C3B5ABFE26AEF06100EBD888 /* ActiveAlert.swift */ = {isa = PBXFileReference; lastKnownFileType = sourcecode.swift; path = ActiveAlert.swift; sourceTree = "<group>"; };
		C3F48BAB26ADC5C00062BC3A /* TopTweetView.swift */ = {isa = PBXFileReference; lastKnownFileType = sourcecode.swift; path = TopTweetView.swift; sourceTree = "<group>"; };
		C3F48BAE26AE26CA0062BC3A /* LogoutSheet.swift */ = {isa = PBXFileReference; lastKnownFileType = sourcecode.swift; path = LogoutSheet.swift; sourceTree = "<group>"; };
/* End PBXFileReference section */

/* Begin PBXFrameworksBuildPhase section */
		C30A41DF26A35B7200472D64 /* Frameworks */ = {
			isa = PBXFrameworksBuildPhase;
			buildActionMask = 2147483647;
			files = (
				C3E38A8626A8863C002302A5 /* Swifter in Frameworks */,
			);
			runOnlyForDeploymentPostprocessing = 0;
		};
		C30A41E726A35B7200472D64 /* Frameworks */ = {
			isa = PBXFrameworksBuildPhase;
			buildActionMask = 2147483647;
			files = (
				C33C1DC626A87D3F00CF4487 /* Swifter in Frameworks */,
			);
			runOnlyForDeploymentPostprocessing = 0;
		};
		C30A41EF26A35B7200472D64 /* Frameworks */ = {
			isa = PBXFrameworksBuildPhase;
			buildActionMask = 2147483647;
			files = (
			);
			runOnlyForDeploymentPostprocessing = 0;
		};
		C30A41FA26A35B7200472D64 /* Frameworks */ = {
			isa = PBXFrameworksBuildPhase;
			buildActionMask = 2147483647;
			files = (
			);
			runOnlyForDeploymentPostprocessing = 0;
		};
/* End PBXFrameworksBuildPhase section */

/* Begin PBXGroup section */
		C30A41D526A35B7000472D64 = {
			isa = PBXGroup;
			children = (
				C3F48BAE26AE26CA0062BC3A /* LogoutSheet.swift */,
				C30A41DA26A35B7100472D64 /* Shared */,
				C30A41E426A35B7200472D64 /* iOS */,
				C30A41EB26A35B7200472D64 /* macOS */,
				C30A41F526A35B7200472D64 /* Tests iOS */,
				C30A420026A35B7200472D64 /* Tests macOS */,
				C30A41E326A35B7200472D64 /* Products */,
				C3ABDE1226A75F3F0056CEE4 /* Frameworks */,
			);
			sourceTree = "<group>";
		};
		C30A41DA26A35B7100472D64 /* Shared */ = {
			isa = PBXGroup;
			children = (
				C380EB8B26A7293A00CAE4DD /* UI */,
				C380EB2E26A4D04500CAE4DD /* Views */,
				C30A422326A361A900472D64 /* Models */,
				C30A41DB26A35B7100472D64 /* FireOffApp.swift */,
				C30A41DC26A35B7100472D64 /* ContentView.swift */,
				C30A422426A362D700472D64 /* Constants.swift */,
				C30A41DD26A35B7200472D64 /* Assets.xcassets */,
			);
			path = Shared;
			sourceTree = "<group>";
		};
		C30A41E326A35B7200472D64 /* Products */ = {
			isa = PBXGroup;
			children = (
				C30A41E226A35B7200472D64 /* FireOff.app */,
				C30A41EA26A35B7200472D64 /* FireOff.app */,
				C30A41F226A35B7200472D64 /* Tests iOS.xctest */,
				C30A41FD26A35B7200472D64 /* Tests macOS.xctest */,
			);
			name = Products;
			sourceTree = "<group>";
		};
		C30A41E426A35B7200472D64 /* iOS */ = {
			isa = PBXGroup;
			children = (
				C30A41E526A35B7200472D64 /* Info.plist */,
			);
			path = iOS;
			sourceTree = "<group>";
		};
		C30A41EB26A35B7200472D64 /* macOS */ = {
			isa = PBXGroup;
			children = (
				C30A41EC26A35B7200472D64 /* Info.plist */,
				C30A41ED26A35B7200472D64 /* macOS.entitlements */,
			);
			path = macOS;
			sourceTree = "<group>";
		};
		C30A41F526A35B7200472D64 /* Tests iOS */ = {
			isa = PBXGroup;
			children = (
				C30A41F626A35B7200472D64 /* Tests_iOS.swift */,
				C30A41F826A35B7200472D64 /* Info.plist */,
			);
			path = "Tests iOS";
			sourceTree = "<group>";
		};
		C30A420026A35B7200472D64 /* Tests macOS */ = {
			isa = PBXGroup;
			children = (
				C30A420126A35B7200472D64 /* Tests_macOS.swift */,
				C30A420326A35B7200472D64 /* Info.plist */,
			);
			path = "Tests macOS";
			sourceTree = "<group>";
		};
		C30A422326A361A900472D64 /* Models */ = {
			isa = PBXGroup;
			children = (
				C30A422F26A365A600472D64 /* TwitterSignIn.swift */,
				C380EB9A26A73E5300CAE4DD /* TwitterError.swift */,
				C3B5ABFE26AEF06100EBD888 /* ActiveAlert.swift */,
				C37E1DD726AF594500EFAF69 /* ImageSaver.swift */,
			);
			path = Models;
			sourceTree = "<group>";
		};
		C380EB2E26A4D04500CAE4DD /* Views */ = {
			isa = PBXGroup;
			children = (
				C380EB3E26A4D05F00CAE4DD /* ActivityView.swift */,
				C380EB4926A5DF5D00CAE4DD /* SignInView.swift */,
				C37919FB26AB27EF00D1FFD9 /* ProfileImage.swift */,
				C380EB5426A5E0AB00CAE4DD /* TweetView.swift */,
				C312BABF26A612AD001E8B71 /* PlaceholderEditor.swift */,
				C3F48BAB26ADC5C00062BC3A /* TopTweetView.swift */,
			);
			path = Views;
			sourceTree = "<group>";
		};
		C380EB8B26A7293A00CAE4DD /* UI */ = {
			isa = PBXGroup;
			children = (
				C380EB8C26A7294300CAE4DD /* Colors.swift */,
			);
			path = UI;
			sourceTree = "<group>";
		};
		C3ABDE1226A75F3F0056CEE4 /* Frameworks */ = {
			isa = PBXGroup;
			children = (
			);
			name = Frameworks;
			sourceTree = "<group>";
		};
/* End PBXGroup section */

/* Begin PBXNativeTarget section */
		C30A41E126A35B7200472D64 /* FireOff (iOS) */ = {
			isa = PBXNativeTarget;
			buildConfigurationList = C30A420C26A35B7200472D64 /* Build configuration list for PBXNativeTarget "FireOff (iOS)" */;
			buildPhases = (
				C30A41DE26A35B7200472D64 /* Sources */,
				C30A41DF26A35B7200472D64 /* Frameworks */,
				C30A41E026A35B7200472D64 /* Resources */,
			);
			buildRules = (
			);
			dependencies = (
			);
			name = "FireOff (iOS)";
			packageProductDependencies = (
				C3E38A8526A8863C002302A5 /* Swifter */,
			);
			productName = "FireOff (iOS)";
			productReference = C30A41E226A35B7200472D64 /* FireOff.app */;
			productType = "com.apple.product-type.application";
		};
		C30A41E926A35B7200472D64 /* FireOff (macOS) */ = {
			isa = PBXNativeTarget;
			buildConfigurationList = C30A420F26A35B7200472D64 /* Build configuration list for PBXNativeTarget "FireOff (macOS)" */;
			buildPhases = (
				C30A41E626A35B7200472D64 /* Sources */,
				C30A41E726A35B7200472D64 /* Frameworks */,
				C30A41E826A35B7200472D64 /* Resources */,
			);
			buildRules = (
			);
			dependencies = (
				C33C1D9126A87BE200CF4487 /* PBXTargetDependency */,
			);
			name = "FireOff (macOS)";
			packageProductDependencies = (
				C33C1DC526A87D3F00CF4487 /* Swifter */,
			);
			productName = "FireOff (macOS)";
			productReference = C30A41EA26A35B7200472D64 /* FireOff.app */;
			productType = "com.apple.product-type.application";
		};
		C30A41F126A35B7200472D64 /* Tests iOS */ = {
			isa = PBXNativeTarget;
			buildConfigurationList = C30A421226A35B7200472D64 /* Build configuration list for PBXNativeTarget "Tests iOS" */;
			buildPhases = (
				C30A41EE26A35B7200472D64 /* Sources */,
				C30A41EF26A35B7200472D64 /* Frameworks */,
				C30A41F026A35B7200472D64 /* Resources */,
			);
			buildRules = (
			);
			dependencies = (
				C30A41F426A35B7200472D64 /* PBXTargetDependency */,
			);
			name = "Tests iOS";
			productName = "Tests iOS";
			productReference = C30A41F226A35B7200472D64 /* Tests iOS.xctest */;
			productType = "com.apple.product-type.bundle.ui-testing";
		};
		C30A41FC26A35B7200472D64 /* Tests macOS */ = {
			isa = PBXNativeTarget;
			buildConfigurationList = C30A421526A35B7200472D64 /* Build configuration list for PBXNativeTarget "Tests macOS" */;
			buildPhases = (
				C30A41F926A35B7200472D64 /* Sources */,
				C30A41FA26A35B7200472D64 /* Frameworks */,
				C30A41FB26A35B7200472D64 /* Resources */,
			);
			buildRules = (
			);
			dependencies = (
				C30A41FF26A35B7200472D64 /* PBXTargetDependency */,
			);
			name = "Tests macOS";
			productName = "Tests macOS";
			productReference = C30A41FD26A35B7200472D64 /* Tests macOS.xctest */;
			productType = "com.apple.product-type.bundle.ui-testing";
		};
/* End PBXNativeTarget section */

/* Begin PBXProject section */
		C30A41D626A35B7000472D64 /* Project object */ = {
			isa = PBXProject;
			attributes = {
				LastSwiftUpdateCheck = 1230;
				LastUpgradeCheck = 1250;
				TargetAttributes = {
					C30A41E126A35B7200472D64 = {
						CreatedOnToolsVersion = 12.3;
					};
					C30A41E926A35B7200472D64 = {
						CreatedOnToolsVersion = 12.3;
					};
					C30A41F126A35B7200472D64 = {
						CreatedOnToolsVersion = 12.3;
						TestTargetID = C30A41E126A35B7200472D64;
					};
					C30A41FC26A35B7200472D64 = {
						CreatedOnToolsVersion = 12.3;
						TestTargetID = C30A41E926A35B7200472D64;
					};
				};
			};
			buildConfigurationList = C30A41D926A35B7000472D64 /* Build configuration list for PBXProject "FireOff" */;
			compatibilityVersion = "Xcode 9.3";
			developmentRegion = en;
			hasScannedForEncodings = 0;
			knownRegions = (
				en,
				Base,
			);
			mainGroup = C30A41D526A35B7000472D64;
			packageReferences = (
				C33C1DC426A87D3F00CF4487 /* XCRemoteSwiftPackageReference "Swifter" */,
			);
			productRefGroup = C30A41E326A35B7200472D64 /* Products */;
			projectDirPath = "";
			projectRoot = "";
			targets = (
				C30A41E126A35B7200472D64 /* FireOff (iOS) */,
				C30A41E926A35B7200472D64 /* FireOff (macOS) */,
				C30A41F126A35B7200472D64 /* Tests iOS */,
				C30A41FC26A35B7200472D64 /* Tests macOS */,
			);
		};
/* End PBXProject section */

/* Begin PBXResourcesBuildPhase section */
		C30A41E026A35B7200472D64 /* Resources */ = {
			isa = PBXResourcesBuildPhase;
			buildActionMask = 2147483647;
			files = (
				C30A420826A35B7200472D64 /* Assets.xcassets in Resources */,
			);
			runOnlyForDeploymentPostprocessing = 0;
		};
		C30A41E826A35B7200472D64 /* Resources */ = {
			isa = PBXResourcesBuildPhase;
			buildActionMask = 2147483647;
			files = (
				C30A420926A35B7200472D64 /* Assets.xcassets in Resources */,
			);
			runOnlyForDeploymentPostprocessing = 0;
		};
		C30A41F026A35B7200472D64 /* Resources */ = {
			isa = PBXResourcesBuildPhase;
			buildActionMask = 2147483647;
			files = (
			);
			runOnlyForDeploymentPostprocessing = 0;
		};
		C30A41FB26A35B7200472D64 /* Resources */ = {
			isa = PBXResourcesBuildPhase;
			buildActionMask = 2147483647;
			files = (
			);
			runOnlyForDeploymentPostprocessing = 0;
		};
/* End PBXResourcesBuildPhase section */

/* Begin PBXSourcesBuildPhase section */
		C30A41DE26A35B7200472D64 /* Sources */ = {
			isa = PBXSourcesBuildPhase;
			buildActionMask = 2147483647;
			files = (
				C3F48BAC26ADC5C00062BC3A /* TopTweetView.swift in Sources */,
				C30A420626A35B7200472D64 /* ContentView.swift in Sources */,
				C37919FC26AB27EF00D1FFD9 /* ProfileImage.swift in Sources */,
				C380EB8D26A7294300CAE4DD /* Colors.swift in Sources */,
				C3B5ABFF26AEF06100EBD888 /* ActiveAlert.swift in Sources */,
				C380EB9B26A73E5300CAE4DD /* TwitterError.swift in Sources */,
				C380EB4A26A5DF5D00CAE4DD /* SignInView.swift in Sources */,
				C37E1DD826AF594500EFAF69 /* ImageSaver.swift in Sources */,
				C30A423026A365A600472D64 /* TwitterSignIn.swift in Sources */,
				C30A420426A35B7200472D64 /* FireOffApp.swift in Sources */,
				C312BAC026A612AD001E8B71 /* PlaceholderEditor.swift in Sources */,
				C30A422526A362D700472D64 /* Constants.swift in Sources */,
				C380EB5526A5E0AB00CAE4DD /* TweetView.swift in Sources */,
				C380EB3F26A4D05F00CAE4DD /* ActivityView.swift in Sources */,
				C3F48BAF26AE26CA0062BC3A /* LogoutSheet.swift in Sources */,
			);
			runOnlyForDeploymentPostprocessing = 0;
		};
		C30A41E626A35B7200472D64 /* Sources */ = {
			isa = PBXSourcesBuildPhase;
			buildActionMask = 2147483647;
			files = (
				C3F48BAD26ADC5C00062BC3A /* TopTweetView.swift in Sources */,
				C30A420726A35B7200472D64 /* ContentView.swift in Sources */,
				C37919FD26AB27EF00D1FFD9 /* ProfileImage.swift in Sources */,
				C3ABDE1526A774840056CEE4 /* Colors.swift in Sources */,
				C3B5AC0026AEF06100EBD888 /* ActiveAlert.swift in Sources */,
				C3ABDE1626A774900056CEE4 /* TwitterError.swift in Sources */,
				C380EB4B26A5DF5D00CAE4DD /* SignInView.swift in Sources */,
				C37E1DD926AF594500EFAF69 /* ImageSaver.swift in Sources */,
				C30A423126A365A600472D64 /* TwitterSignIn.swift in Sources */,
				C30A420526A35B7200472D64 /* FireOffApp.swift in Sources */,
				C312BAC126A612AE001E8B71 /* PlaceholderEditor.swift in Sources */,
				C30A422626A362D700472D64 /* Constants.swift in Sources */,
				C380EB5626A5E0AB00CAE4DD /* TweetView.swift in Sources */,
				C380EB4026A4D05F00CAE4DD /* ActivityView.swift in Sources */,
				C3F48BB026AE26CA0062BC3A /* LogoutSheet.swift in Sources */,
			);
			runOnlyForDeploymentPostprocessing = 0;
		};
		C30A41EE26A35B7200472D64 /* Sources */ = {
			isa = PBXSourcesBuildPhase;
			buildActionMask = 2147483647;
			files = (
				C30A41F726A35B7200472D64 /* Tests_iOS.swift in Sources */,
			);
			runOnlyForDeploymentPostprocessing = 0;
		};
		C30A41F926A35B7200472D64 /* Sources */ = {
			isa = PBXSourcesBuildPhase;
			buildActionMask = 2147483647;
			files = (
				C30A420226A35B7200472D64 /* Tests_macOS.swift in Sources */,
			);
			runOnlyForDeploymentPostprocessing = 0;
		};
/* End PBXSourcesBuildPhase section */

/* Begin PBXTargetDependency section */
		C30A41F426A35B7200472D64 /* PBXTargetDependency */ = {
			isa = PBXTargetDependency;
			target = C30A41E126A35B7200472D64 /* FireOff (iOS) */;
			targetProxy = C30A41F326A35B7200472D64 /* PBXContainerItemProxy */;
		};
		C30A41FF26A35B7200472D64 /* PBXTargetDependency */ = {
			isa = PBXTargetDependency;
			target = C30A41E926A35B7200472D64 /* FireOff (macOS) */;
			targetProxy = C30A41FE26A35B7200472D64 /* PBXContainerItemProxy */;
		};
		C33C1D9126A87BE200CF4487 /* PBXTargetDependency */ = {
			isa = PBXTargetDependency;
			productRef = C33C1D9026A87BE200CF4487 /* Swifter */;
		};
/* End PBXTargetDependency section */

/* Begin XCBuildConfiguration section */
		C30A420A26A35B7200472D64 /* Debug */ = {
			isa = XCBuildConfiguration;
			buildSettings = {
				ALWAYS_SEARCH_USER_PATHS = NO;
				CLANG_ANALYZER_NONNULL = YES;
				CLANG_ANALYZER_NUMBER_OBJECT_CONVERSION = YES_AGGRESSIVE;
				CLANG_CXX_LANGUAGE_STANDARD = "gnu++14";
				CLANG_CXX_LIBRARY = "libc++";
				CLANG_ENABLE_MODULES = YES;
				CLANG_ENABLE_OBJC_ARC = YES;
				CLANG_ENABLE_OBJC_WEAK = YES;
				CLANG_WARN_BLOCK_CAPTURE_AUTORELEASING = YES;
				CLANG_WARN_BOOL_CONVERSION = YES;
				CLANG_WARN_COMMA = YES;
				CLANG_WARN_CONSTANT_CONVERSION = YES;
				CLANG_WARN_DEPRECATED_OBJC_IMPLEMENTATIONS = YES;
				CLANG_WARN_DIRECT_OBJC_ISA_USAGE = YES_ERROR;
				CLANG_WARN_DOCUMENTATION_COMMENTS = YES;
				CLANG_WARN_EMPTY_BODY = YES;
				CLANG_WARN_ENUM_CONVERSION = YES;
				CLANG_WARN_INFINITE_RECURSION = YES;
				CLANG_WARN_INT_CONVERSION = YES;
				CLANG_WARN_NON_LITERAL_NULL_CONVERSION = YES;
				CLANG_WARN_OBJC_IMPLICIT_RETAIN_SELF = YES;
				CLANG_WARN_OBJC_LITERAL_CONVERSION = YES;
				CLANG_WARN_OBJC_ROOT_CLASS = YES_ERROR;
				CLANG_WARN_QUOTED_INCLUDE_IN_FRAMEWORK_HEADER = YES;
				CLANG_WARN_RANGE_LOOP_ANALYSIS = YES;
				CLANG_WARN_STRICT_PROTOTYPES = YES;
				CLANG_WARN_SUSPICIOUS_MOVE = YES;
				CLANG_WARN_UNGUARDED_AVAILABILITY = YES_AGGRESSIVE;
				CLANG_WARN_UNREACHABLE_CODE = YES;
				CLANG_WARN__DUPLICATE_METHOD_MATCH = YES;
				COPY_PHASE_STRIP = NO;
				DEBUG_INFORMATION_FORMAT = dwarf;
				ENABLE_STRICT_OBJC_MSGSEND = YES;
				ENABLE_TESTABILITY = YES;
				GCC_C_LANGUAGE_STANDARD = gnu11;
				GCC_DYNAMIC_NO_PIC = NO;
				GCC_NO_COMMON_BLOCKS = YES;
				GCC_OPTIMIZATION_LEVEL = 0;
				GCC_PREPROCESSOR_DEFINITIONS = (
					"DEBUG=1",
					"$(inherited)",
				);
				GCC_WARN_64_TO_32_BIT_CONVERSION = YES;
				GCC_WARN_ABOUT_RETURN_TYPE = YES_ERROR;
				GCC_WARN_UNDECLARED_SELECTOR = YES;
				GCC_WARN_UNINITIALIZED_AUTOS = YES_AGGRESSIVE;
				GCC_WARN_UNUSED_FUNCTION = YES;
				GCC_WARN_UNUSED_VARIABLE = YES;
				MTL_ENABLE_DEBUG_INFO = INCLUDE_SOURCE;
				MTL_FAST_MATH = YES;
				ONLY_ACTIVE_ARCH = YES;
				SWIFT_ACTIVE_COMPILATION_CONDITIONS = DEBUG;
				SWIFT_OPTIMIZATION_LEVEL = "-Onone";
			};
			name = Debug;
		};
		C30A420B26A35B7200472D64 /* Release */ = {
			isa = XCBuildConfiguration;
			buildSettings = {
				ALWAYS_SEARCH_USER_PATHS = NO;
				CLANG_ANALYZER_NONNULL = YES;
				CLANG_ANALYZER_NUMBER_OBJECT_CONVERSION = YES_AGGRESSIVE;
				CLANG_CXX_LANGUAGE_STANDARD = "gnu++14";
				CLANG_CXX_LIBRARY = "libc++";
				CLANG_ENABLE_MODULES = YES;
				CLANG_ENABLE_OBJC_ARC = YES;
				CLANG_ENABLE_OBJC_WEAK = YES;
				CLANG_WARN_BLOCK_CAPTURE_AUTORELEASING = YES;
				CLANG_WARN_BOOL_CONVERSION = YES;
				CLANG_WARN_COMMA = YES;
				CLANG_WARN_CONSTANT_CONVERSION = YES;
				CLANG_WARN_DEPRECATED_OBJC_IMPLEMENTATIONS = YES;
				CLANG_WARN_DIRECT_OBJC_ISA_USAGE = YES_ERROR;
				CLANG_WARN_DOCUMENTATION_COMMENTS = YES;
				CLANG_WARN_EMPTY_BODY = YES;
				CLANG_WARN_ENUM_CONVERSION = YES;
				CLANG_WARN_INFINITE_RECURSION = YES;
				CLANG_WARN_INT_CONVERSION = YES;
				CLANG_WARN_NON_LITERAL_NULL_CONVERSION = YES;
				CLANG_WARN_OBJC_IMPLICIT_RETAIN_SELF = YES;
				CLANG_WARN_OBJC_LITERAL_CONVERSION = YES;
				CLANG_WARN_OBJC_ROOT_CLASS = YES_ERROR;
				CLANG_WARN_QUOTED_INCLUDE_IN_FRAMEWORK_HEADER = YES;
				CLANG_WARN_RANGE_LOOP_ANALYSIS = YES;
				CLANG_WARN_STRICT_PROTOTYPES = YES;
				CLANG_WARN_SUSPICIOUS_MOVE = YES;
				CLANG_WARN_UNGUARDED_AVAILABILITY = YES_AGGRESSIVE;
				CLANG_WARN_UNREACHABLE_CODE = YES;
				CLANG_WARN__DUPLICATE_METHOD_MATCH = YES;
				COPY_PHASE_STRIP = NO;
				DEBUG_INFORMATION_FORMAT = "dwarf-with-dsym";
				ENABLE_NS_ASSERTIONS = NO;
				ENABLE_STRICT_OBJC_MSGSEND = YES;
				GCC_C_LANGUAGE_STANDARD = gnu11;
				GCC_NO_COMMON_BLOCKS = YES;
				GCC_WARN_64_TO_32_BIT_CONVERSION = YES;
				GCC_WARN_ABOUT_RETURN_TYPE = YES_ERROR;
				GCC_WARN_UNDECLARED_SELECTOR = YES;
				GCC_WARN_UNINITIALIZED_AUTOS = YES_AGGRESSIVE;
				GCC_WARN_UNUSED_FUNCTION = YES;
				GCC_WARN_UNUSED_VARIABLE = YES;
				MTL_ENABLE_DEBUG_INFO = NO;
				MTL_FAST_MATH = YES;
				SWIFT_COMPILATION_MODE = wholemodule;
				SWIFT_OPTIMIZATION_LEVEL = "-O";
			};
			name = Release;
		};
		C30A420D26A35B7200472D64 /* Debug */ = {
			isa = XCBuildConfiguration;
			buildSettings = {
				ASSETCATALOG_COMPILER_APPICON_NAME = AppIcon;
				ASSETCATALOG_COMPILER_GLOBAL_ACCENT_COLOR_NAME = AccentColor;
				CODE_SIGN_STYLE = Automatic;
				DEVELOPMENT_TEAM = 79TR88QV2P;
				ENABLE_PREVIEWS = YES;
				INFOPLIST_FILE = iOS/Info.plist;
				IPHONEOS_DEPLOYMENT_TARGET = 14.0;
				LD_RUNPATH_SEARCH_PATHS = (
					"$(inherited)",
					"@executable_path/Frameworks",
				);
				PRODUCT_BUNDLE_IDENTIFIER = com.canopy.FireOff;
				PRODUCT_NAME = FireOff;
				SDKROOT = iphoneos;
				SWIFT_VERSION = 5.0;
				TARGETED_DEVICE_FAMILY = "1,2";
			};
			name = Debug;
		};
		C30A420E26A35B7200472D64 /* Release */ = {
			isa = XCBuildConfiguration;
			buildSettings = {
				ASSETCATALOG_COMPILER_APPICON_NAME = AppIcon;
				ASSETCATALOG_COMPILER_GLOBAL_ACCENT_COLOR_NAME = AccentColor;
				CODE_SIGN_STYLE = Automatic;
				DEVELOPMENT_TEAM = 79TR88QV2P;
				ENABLE_PREVIEWS = YES;
				INFOPLIST_FILE = iOS/Info.plist;
				IPHONEOS_DEPLOYMENT_TARGET = 14.0;
				LD_RUNPATH_SEARCH_PATHS = (
					"$(inherited)",
					"@executable_path/Frameworks",
				);
				PRODUCT_BUNDLE_IDENTIFIER = com.canopy.FireOff;
				PRODUCT_NAME = FireOff;
				SDKROOT = iphoneos;
				SWIFT_VERSION = 5.0;
				TARGETED_DEVICE_FAMILY = "1,2";
				VALIDATE_PRODUCT = YES;
			};
			name = Release;
		};
		C30A421026A35B7200472D64 /* Debug */ = {
			isa = XCBuildConfiguration;
			buildSettings = {
				ASSETCATALOG_COMPILER_APPICON_NAME = AppIcon;
				ASSETCATALOG_COMPILER_GLOBAL_ACCENT_COLOR_NAME = AccentColor;
				CODE_SIGN_ENTITLEMENTS = macOS/macOS.entitlements;
				CODE_SIGN_IDENTITY = "-";
				CODE_SIGN_STYLE = Automatic;
				COMBINE_HIDPI_IMAGES = YES;
				DEVELOPMENT_TEAM = 79TR88QV2P;
				ENABLE_HARDENED_RUNTIME = YES;
				ENABLE_PREVIEWS = YES;
				EXCLUDED_ARCHS = "";
				INFOPLIST_FILE = macOS/Info.plist;
				LD_RUNPATH_SEARCH_PATHS = (
					"$(inherited)",
					"@executable_path/../Frameworks",
				);
				MACOSX_DEPLOYMENT_TARGET = 11.0;
				ONLY_ACTIVE_ARCH = YES;
				PRODUCT_BUNDLE_IDENTIFIER = com.canopy.FireOff;
				PRODUCT_NAME = FireOff;
				SDKROOT = macosx;
				SWIFT_VERSION = 5.0;
			};
			name = Debug;
		};
		C30A421126A35B7200472D64 /* Release */ = {
			isa = XCBuildConfiguration;
			buildSettings = {
				ASSETCATALOG_COMPILER_APPICON_NAME = AppIcon;
				ASSETCATALOG_COMPILER_GLOBAL_ACCENT_COLOR_NAME = AccentColor;
				CODE_SIGN_ENTITLEMENTS = macOS/macOS.entitlements;
				CODE_SIGN_IDENTITY = "-";
				CODE_SIGN_STYLE = Automatic;
				COMBINE_HIDPI_IMAGES = YES;
				DEVELOPMENT_TEAM = 79TR88QV2P;
				ENABLE_HARDENED_RUNTIME = YES;
				ENABLE_PREVIEWS = YES;
				EXCLUDED_ARCHS = "";
				INFOPLIST_FILE = macOS/Info.plist;
				LD_RUNPATH_SEARCH_PATHS = (
					"$(inherited)",
					"@executable_path/../Frameworks",
				);
				MACOSX_DEPLOYMENT_TARGET = 11.0;
				PRODUCT_BUNDLE_IDENTIFIER = com.canopy.FireOff;
				PRODUCT_NAME = FireOff;
				SDKROOT = macosx;
				SWIFT_VERSION = 5.0;
			};
			name = Release;
		};
		C30A421326A35B7200472D64 /* Debug */ = {
			isa = XCBuildConfiguration;
			buildSettings = {
				ALWAYS_EMBED_SWIFT_STANDARD_LIBRARIES = YES;
				CODE_SIGN_STYLE = Automatic;
				DEVELOPMENT_TEAM = 79TR88QV2P;
				INFOPLIST_FILE = "Tests iOS/Info.plist";
				IPHONEOS_DEPLOYMENT_TARGET = 14.3;
				LD_RUNPATH_SEARCH_PATHS = (
					"$(inherited)",
					"@executable_path/Frameworks",
					"@loader_path/Frameworks",
				);
				PRODUCT_BUNDLE_IDENTIFIER = "com.canopy.Tests-iOS";
				PRODUCT_NAME = "$(TARGET_NAME)";
				SDKROOT = iphoneos;
				SWIFT_VERSION = 5.0;
				TARGETED_DEVICE_FAMILY = "1,2";
				TEST_TARGET_NAME = "FireOff (iOS)";
			};
			name = Debug;
		};
		C30A421426A35B7200472D64 /* Release */ = {
			isa = XCBuildConfiguration;
			buildSettings = {
				ALWAYS_EMBED_SWIFT_STANDARD_LIBRARIES = YES;
				CODE_SIGN_STYLE = Automatic;
				DEVELOPMENT_TEAM = 79TR88QV2P;
				INFOPLIST_FILE = "Tests iOS/Info.plist";
				IPHONEOS_DEPLOYMENT_TARGET = 14.3;
				LD_RUNPATH_SEARCH_PATHS = (
					"$(inherited)",
					"@executable_path/Frameworks",
					"@loader_path/Frameworks",
				);
				PRODUCT_BUNDLE_IDENTIFIER = "com.canopy.Tests-iOS";
				PRODUCT_NAME = "$(TARGET_NAME)";
				SDKROOT = iphoneos;
				SWIFT_VERSION = 5.0;
				TARGETED_DEVICE_FAMILY = "1,2";
				TEST_TARGET_NAME = "FireOff (iOS)";
				VALIDATE_PRODUCT = YES;
			};
			name = Release;
		};
		C30A421626A35B7200472D64 /* Debug */ = {
			isa = XCBuildConfiguration;
			buildSettings = {
				ALWAYS_EMBED_SWIFT_STANDARD_LIBRARIES = YES;
				CODE_SIGN_STYLE = Automatic;
				COMBINE_HIDPI_IMAGES = YES;
				DEVELOPMENT_TEAM = 79TR88QV2P;
				INFOPLIST_FILE = "Tests macOS/Info.plist";
				LD_RUNPATH_SEARCH_PATHS = (
					"$(inherited)",
					"@executable_path/../Frameworks",
					"@loader_path/../Frameworks",
				);
				MACOSX_DEPLOYMENT_TARGET = 11.1;
				PRODUCT_BUNDLE_IDENTIFIER = "com.canopy.Tests-macOS";
				PRODUCT_NAME = "$(TARGET_NAME)";
				SDKROOT = macosx;
				SWIFT_VERSION = 5.0;
				TEST_TARGET_NAME = "FireOff (macOS)";
			};
			name = Debug;
		};
		C30A421726A35B7200472D64 /* Release */ = {
			isa = XCBuildConfiguration;
			buildSettings = {
				ALWAYS_EMBED_SWIFT_STANDARD_LIBRARIES = YES;
				CODE_SIGN_STYLE = Automatic;
				COMBINE_HIDPI_IMAGES = YES;
				DEVELOPMENT_TEAM = 79TR88QV2P;
				INFOPLIST_FILE = "Tests macOS/Info.plist";
				LD_RUNPATH_SEARCH_PATHS = (
					"$(inherited)",
					"@executable_path/../Frameworks",
					"@loader_path/../Frameworks",
				);
				MACOSX_DEPLOYMENT_TARGET = 11.1;
				PRODUCT_BUNDLE_IDENTIFIER = "com.canopy.Tests-macOS";
				PRODUCT_NAME = "$(TARGET_NAME)";
				SDKROOT = macosx;
				SWIFT_VERSION = 5.0;
				TEST_TARGET_NAME = "FireOff (macOS)";
			};
			name = Release;
		};
/* End XCBuildConfiguration section */

/* Begin XCConfigurationList section */
		C30A41D926A35B7000472D64 /* Build configuration list for PBXProject "FireOff" */ = {
			isa = XCConfigurationList;
			buildConfigurations = (
				C30A420A26A35B7200472D64 /* Debug */,
				C30A420B26A35B7200472D64 /* Release */,
			);
			defaultConfigurationIsVisible = 0;
			defaultConfigurationName = Release;
		};
		C30A420C26A35B7200472D64 /* Build configuration list for PBXNativeTarget "FireOff (iOS)" */ = {
			isa = XCConfigurationList;
			buildConfigurations = (
				C30A420D26A35B7200472D64 /* Debug */,
				C30A420E26A35B7200472D64 /* Release */,
			);
			defaultConfigurationIsVisible = 0;
			defaultConfigurationName = Release;
		};
		C30A420F26A35B7200472D64 /* Build configuration list for PBXNativeTarget "FireOff (macOS)" */ = {
			isa = XCConfigurationList;
			buildConfigurations = (
				C30A421026A35B7200472D64 /* Debug */,
				C30A421126A35B7200472D64 /* Release */,
			);
			defaultConfigurationIsVisible = 0;
			defaultConfigurationName = Release;
		};
		C30A421226A35B7200472D64 /* Build configuration list for PBXNativeTarget "Tests iOS" */ = {
			isa = XCConfigurationList;
			buildConfigurations = (
				C30A421326A35B7200472D64 /* Debug */,
				C30A421426A35B7200472D64 /* Release */,
			);
			defaultConfigurationIsVisible = 0;
			defaultConfigurationName = Release;
		};
		C30A421526A35B7200472D64 /* Build configuration list for PBXNativeTarget "Tests macOS" */ = {
			isa = XCConfigurationList;
			buildConfigurations = (
				C30A421626A35B7200472D64 /* Debug */,
				C30A421726A35B7200472D64 /* Release */,
			);
			defaultConfigurationIsVisible = 0;
			defaultConfigurationName = Release;
		};
/* End XCConfigurationList section */

/* Begin XCRemoteSwiftPackageReference section */
		C33C1DC426A87D3F00CF4487 /* XCRemoteSwiftPackageReference "Swifter" */ = {
			isa = XCRemoteSwiftPackageReference;
			repositoryURL = "https://github.com/apmason/Swifter";
			requirement = {
				branch = master;
				kind = branch;
			};
		};
		C3FF767B26A878AE00C6E48A /* XCRemoteSwiftPackageReference "Swifter" */ = {
			isa = XCRemoteSwiftPackageReference;
			repositoryURL = "https://github.com/apmason/Swifter";
			requirement = {
				branch = master;
				kind = branch;
			};
		};
/* End XCRemoteSwiftPackageReference section */

/* Begin XCSwiftPackageProductDependency section */
		C33C1D9026A87BE200CF4487 /* Swifter */ = {
			isa = XCSwiftPackageProductDependency;
			package = C3FF767B26A878AE00C6E48A /* XCRemoteSwiftPackageReference "Swifter" */;
			productName = Swifter;
		};
		C33C1DC526A87D3F00CF4487 /* Swifter */ = {
			isa = XCSwiftPackageProductDependency;
			package = C33C1DC426A87D3F00CF4487 /* XCRemoteSwiftPackageReference "Swifter" */;
			productName = Swifter;
		};
		C3E38A8526A8863C002302A5 /* Swifter */ = {
			isa = XCSwiftPackageProductDependency;
			package = C33C1DC426A87D3F00CF4487 /* XCRemoteSwiftPackageReference "Swifter" */;
			productName = Swifter;
		};
/* End XCSwiftPackageProductDependency section */
	};
	rootObject = C30A41D626A35B7000472D64 /* Project object */;
}
